// !$*UTF8*$!
{
	archiveVersion = 1;
	classes = {
	};
	objectVersion = 56;
	objects = {

/* Begin PBXBuildFile section */
		AF3F53352B7E7A5A00543CB0 /* MovieApp.swift in Sources */ = {isa = PBXBuildFile; fileRef = AF3F53342B7E7A5A00543CB0 /* MovieApp.swift */; };
		AF3F53372B7E7A5A00543CB0 /* Persistence.swift in Sources */ = {isa = PBXBuildFile; fileRef = AF3F53362B7E7A5A00543CB0 /* Persistence.swift */; };
		AF3F533A2B7E7A5A00543CB0 /* MovieApp.xcdatamodeld in Sources */ = {isa = PBXBuildFile; fileRef = AF3F53382B7E7A5A00543CB0 /* MovieApp.xcdatamodeld */; };
		AF3F533C2B7E7A5A00543CB0 /* ContentView.swift in Sources */ = {isa = PBXBuildFile; fileRef = AF3F533B2B7E7A5A00543CB0 /* ContentView.swift */; };
		AF3F533E2B7E7A5D00543CB0 /* Assets.xcassets in Resources */ = {isa = PBXBuildFile; fileRef = AF3F533D2B7E7A5D00543CB0 /* Assets.xcassets */; };
		AF3F53422B7E7A5D00543CB0 /* Preview Assets.xcassets in Resources */ = {isa = PBXBuildFile; fileRef = AF3F53412B7E7A5D00543CB0 /* Preview Assets.xcassets */; };
		AF3F534C2B7E7A5D00543CB0 /* MovieAppTests.swift in Sources */ = {isa = PBXBuildFile; fileRef = AF3F534B2B7E7A5D00543CB0 /* MovieAppTests.swift */; };
		AF3F53562B7E7A5D00543CB0 /* MovieAppUITests.swift in Sources */ = {isa = PBXBuildFile; fileRef = AF3F53552B7E7A5D00543CB0 /* MovieAppUITests.swift */; };
		AF3F53582B7E7A5D00543CB0 /* MovieAppUITestsLaunchTests.swift in Sources */ = {isa = PBXBuildFile; fileRef = AF3F53572B7E7A5D00543CB0 /* MovieAppUITestsLaunchTests.swift */; };
		AF3F53672B7E7AAC00543CB0 /* HomeScreen.swift in Sources */ = {isa = PBXBuildFile; fileRef = AF3F53662B7E7AAC00543CB0 /* HomeScreen.swift */; };
/* End PBXBuildFile section */

/* Begin PBXContainerItemProxy section */
		AF3F53482B7E7A5D00543CB0 /* PBXContainerItemProxy */ = {
			isa = PBXContainerItemProxy;
			containerPortal = AF3F53292B7E7A5A00543CB0 /* Project object */;
			proxyType = 1;
			remoteGlobalIDString = AF3F53302B7E7A5A00543CB0;
			remoteInfo = MovieApp;
		};
		AF3F53522B7E7A5D00543CB0 /* PBXContainerItemProxy */ = {
			isa = PBXContainerItemProxy;
			containerPortal = AF3F53292B7E7A5A00543CB0 /* Project object */;
			proxyType = 1;
			remoteGlobalIDString = AF3F53302B7E7A5A00543CB0;
			remoteInfo = MovieApp;
		};
/* End PBXContainerItemProxy section */

/* Begin PBXFileReference section */
		AF3F53312B7E7A5A00543CB0 /* MovieApp.app */ = {isa = PBXFileReference; explicitFileType = wrapper.application; includeInIndex = 0; path = MovieApp.app; sourceTree = BUILT_PRODUCTS_DIR; };
		AF3F53342B7E7A5A00543CB0 /* MovieApp.swift */ = {isa = PBXFileReference; lastKnownFileType = sourcecode.swift; path = MovieApp.swift; sourceTree = "<group>"; };
		AF3F53362B7E7A5A00543CB0 /* Persistence.swift */ = {isa = PBXFileReference; lastKnownFileType = sourcecode.swift; path = Persistence.swift; sourceTree = "<group>"; };
		AF3F53392B7E7A5A00543CB0 /* MovieApp.xcdatamodel */ = {isa = PBXFileReference; lastKnownFileType = wrapper.xcdatamodel; path = MovieApp.xcdatamodel; sourceTree = "<group>"; };
		AF3F533B2B7E7A5A00543CB0 /* ContentView.swift */ = {isa = PBXFileReference; lastKnownFileType = sourcecode.swift; path = ContentView.swift; sourceTree = "<group>"; };
		AF3F533D2B7E7A5D00543CB0 /* Assets.xcassets */ = {isa = PBXFileReference; lastKnownFileType = folder.assetcatalog; path = Assets.xcassets; sourceTree = "<group>"; };
		AF3F533F2B7E7A5D00543CB0 /* MovieApp.entitlements */ = {isa = PBXFileReference; lastKnownFileType = text.plist.entitlements; path = MovieApp.entitlements; sourceTree = "<group>"; };
		AF3F53412B7E7A5D00543CB0 /* Preview Assets.xcassets */ = {isa = PBXFileReference; lastKnownFileType = folder.assetcatalog; path = "Preview Assets.xcassets"; sourceTree = "<group>"; };
		AF3F53472B7E7A5D00543CB0 /* MovieAppTests.xctest */ = {isa = PBXFileReference; explicitFileType = wrapper.cfbundle; includeInIndex = 0; path = MovieAppTests.xctest; sourceTree = BUILT_PRODUCTS_DIR; };
		AF3F534B2B7E7A5D00543CB0 /* MovieAppTests.swift */ = {isa = PBXFileReference; lastKnownFileType = sourcecode.swift; path = MovieAppTests.swift; sourceTree = "<group>"; };
		AF3F53512B7E7A5D00543CB0 /* MovieAppUITests.xctest */ = {isa = PBXFileReference; explicitFileType = wrapper.cfbundle; includeInIndex = 0; path = MovieAppUITests.xctest; sourceTree = BUILT_PRODUCTS_DIR; };
		AF3F53552B7E7A5D00543CB0 /* MovieAppUITests.swift */ = {isa = PBXFileReference; lastKnownFileType = sourcecode.swift; path = MovieAppUITests.swift; sourceTree = "<group>"; };
		AF3F53572B7E7A5D00543CB0 /* MovieAppUITestsLaunchTests.swift */ = {isa = PBXFileReference; lastKnownFileType = sourcecode.swift; path = MovieAppUITestsLaunchTests.swift; sourceTree = "<group>"; };
		AF3F53662B7E7AAC00543CB0 /* HomeScreen.swift */ = {isa = PBXFileReference; lastKnownFileType = sourcecode.swift; path = HomeScreen.swift; sourceTree = "<group>"; };
/* End PBXFileReference section */

/* Begin PBXFrameworksBuildPhase section */
		AF3F532E2B7E7A5A00543CB0 /* Frameworks */ = {
			isa = PBXFrameworksBuildPhase;
			buildActionMask = 2147483647;
			files = (
			);
			runOnlyForDeploymentPostprocessing = 0;
		};
		AF3F53442B7E7A5D00543CB0 /* Frameworks */ = {
			isa = PBXFrameworksBuildPhase;
			buildActionMask = 2147483647;
			files = (
			);
			runOnlyForDeploymentPostprocessing = 0;
		};
		AF3F534E2B7E7A5D00543CB0 /* Frameworks */ = {
			isa = PBXFrameworksBuildPhase;
			buildActionMask = 2147483647;
			files = (
			);
			runOnlyForDeploymentPostprocessing = 0;
		};
/* End PBXFrameworksBuildPhase section */

/* Begin PBXGroup section */
		AF3F53282B7E7A5A00543CB0 = {
			isa = PBXGroup;
			children = (
				AF3F53332B7E7A5A00543CB0 /* MovieApp */,
				AF3F534A2B7E7A5D00543CB0 /* MovieAppTests */,
				AF3F53542B7E7A5D00543CB0 /* MovieAppUITests */,
				AF3F53322B7E7A5A00543CB0 /* Products */,
			);
			sourceTree = "<group>";
		};
		AF3F53322B7E7A5A00543CB0 /* Products */ = {
			isa = PBXGroup;
			children = (
				AF3F53312B7E7A5A00543CB0 /* MovieApp.app */,
				AF3F53472B7E7A5D00543CB0 /* MovieAppTests.xctest */,
				AF3F53512B7E7A5D00543CB0 /* MovieAppUITests.xctest */,
			);
			name = Products;
			sourceTree = "<group>";
		};
		AF3F53332B7E7A5A00543CB0 /* MovieApp */ = {
			isa = PBXGroup;
			children = (
				AF3F53642B7E7A9100543CB0 /* Features */,
				AF3F53342B7E7A5A00543CB0 /* MovieApp.swift */,
				AF3F53362B7E7A5A00543CB0 /* Persistence.swift */,
				AF3F533B2B7E7A5A00543CB0 /* ContentView.swift */,
				AF3F533D2B7E7A5D00543CB0 /* Assets.xcassets */,
				AF3F533F2B7E7A5D00543CB0 /* MovieApp.entitlements */,
				AF3F53382B7E7A5A00543CB0 /* MovieApp.xcdatamodeld */,
				AF3F53402B7E7A5D00543CB0 /* Preview Content */,
			);
			path = MovieApp;
			sourceTree = "<group>";
		};
		AF3F53402B7E7A5D00543CB0 /* Preview Content */ = {
			isa = PBXGroup;
			children = (
				AF3F53412B7E7A5D00543CB0 /* Preview Assets.xcassets */,
			);
			path = "Preview Content";
			sourceTree = "<group>";
		};
		AF3F534A2B7E7A5D00543CB0 /* MovieAppTests */ = {
			isa = PBXGroup;
			children = (
				AF3F534B2B7E7A5D00543CB0 /* MovieAppTests.swift */,
			);
			path = MovieAppTests;
			sourceTree = "<group>";
		};
		AF3F53542B7E7A5D00543CB0 /* MovieAppUITests */ = {
			isa = PBXGroup;
			children = (
				AF3F53552B7E7A5D00543CB0 /* MovieAppUITests.swift */,
				AF3F53572B7E7A5D00543CB0 /* MovieAppUITestsLaunchTests.swift */,
			);
			path = MovieAppUITests;
			sourceTree = "<group>";
		};
		AF3F53642B7E7A9100543CB0 /* Features */ = {
			isa = PBXGroup;
			children = (
				AF3F53652B7E7AA200543CB0 /* Home */,
			);
			path = Features;
			sourceTree = "<group>";
		};
		AF3F53652B7E7AA200543CB0 /* Home */ = {
			isa = PBXGroup;
			children = (
				AF3F536C2B7E7CD000543CB0 /* Views */,
				AF3F536B2B7E7C1200543CB0 /* Actions */,
				AF3F536A2B7E7B6E00543CB0 /* ViewModels */,
				AF3F53692B7E7B6900543CB0 /* Models */,
				AF3F53682B7E7B5D00543CB0 /* Screens */,
			);
			path = Home;
			sourceTree = "<group>";
		};
		AF3F53682B7E7B5D00543CB0 /* Screens */ = {
			isa = PBXGroup;
			children = (
				AF3F53662B7E7AAC00543CB0 /* HomeScreen.swift */,
			);
			path = Screens;
			sourceTree = "<group>";
		};
		AF3F53692B7E7B6900543CB0 /* Models */ = {
			isa = PBXGroup;
			children = (
			);
			path = Models;
			sourceTree = "<group>";
		};
		AF3F536A2B7E7B6E00543CB0 /* ViewModels */ = {
			isa = PBXGroup;
			children = (
			);
			path = ViewModels;
			sourceTree = "<group>";
		};
		AF3F536B2B7E7C1200543CB0 /* Actions */ = {
			isa = PBXGroup;
			children = (
			);
			path = Actions;
			sourceTree = "<group>";
		};
		AF3F536C2B7E7CD000543CB0 /* Views */ = {
			isa = PBXGroup;
			children = (
			);
			path = Views;
			sourceTree = "<group>";
		};
/* End PBXGroup section */

/* Begin PBXNativeTarget section */
		AF3F53302B7E7A5A00543CB0 /* MovieApp */ = {
			isa = PBXNativeTarget;
			buildConfigurationList = AF3F535B2B7E7A5D00543CB0 /* Build configuration list for PBXNativeTarget "MovieApp" */;
			buildPhases = (
				AF3F532D2B7E7A5A00543CB0 /* Sources */,
				AF3F532E2B7E7A5A00543CB0 /* Frameworks */,
				AF3F532F2B7E7A5A00543CB0 /* Resources */,
			);
			buildRules = (
			);
			dependencies = (
			);
			name = MovieApp;
			productName = MovieApp;
			productReference = AF3F53312B7E7A5A00543CB0 /* MovieApp.app */;
			productType = "com.apple.product-type.application";
		};
		AF3F53462B7E7A5D00543CB0 /* MovieAppTests */ = {
			isa = PBXNativeTarget;
			buildConfigurationList = AF3F535E2B7E7A5D00543CB0 /* Build configuration list for PBXNativeTarget "MovieAppTests" */;
			buildPhases = (
				AF3F53432B7E7A5D00543CB0 /* Sources */,
				AF3F53442B7E7A5D00543CB0 /* Frameworks */,
				AF3F53452B7E7A5D00543CB0 /* Resources */,
			);
			buildRules = (
			);
			dependencies = (
				AF3F53492B7E7A5D00543CB0 /* PBXTargetDependency */,
			);
			name = MovieAppTests;
			productName = MovieAppTests;
			productReference = AF3F53472B7E7A5D00543CB0 /* MovieAppTests.xctest */;
			productType = "com.apple.product-type.bundle.unit-test";
		};
		AF3F53502B7E7A5D00543CB0 /* MovieAppUITests */ = {
			isa = PBXNativeTarget;
			buildConfigurationList = AF3F53612B7E7A5D00543CB0 /* Build configuration list for PBXNativeTarget "MovieAppUITests" */;
			buildPhases = (
				AF3F534D2B7E7A5D00543CB0 /* Sources */,
				AF3F534E2B7E7A5D00543CB0 /* Frameworks */,
				AF3F534F2B7E7A5D00543CB0 /* Resources */,
			);
			buildRules = (
			);
			dependencies = (
				AF3F53532B7E7A5D00543CB0 /* PBXTargetDependency */,
			);
			name = MovieAppUITests;
			productName = MovieAppUITests;
			productReference = AF3F53512B7E7A5D00543CB0 /* MovieAppUITests.xctest */;
			productType = "com.apple.product-type.bundle.ui-testing";
		};
/* End PBXNativeTarget section */

/* Begin PBXProject section */
		AF3F53292B7E7A5A00543CB0 /* Project object */ = {
			isa = PBXProject;
			attributes = {
				BuildIndependentTargetsInParallel = 1;
				LastSwiftUpdateCheck = 1430;
				LastUpgradeCheck = 1430;
				TargetAttributes = {
					AF3F53302B7E7A5A00543CB0 = {
						CreatedOnToolsVersion = 14.3.1;
					};
					AF3F53462B7E7A5D00543CB0 = {
						CreatedOnToolsVersion = 14.3.1;
						TestTargetID = AF3F53302B7E7A5A00543CB0;
					};
					AF3F53502B7E7A5D00543CB0 = {
						CreatedOnToolsVersion = 14.3.1;
						TestTargetID = AF3F53302B7E7A5A00543CB0;
					};
				};
			};
			buildConfigurationList = AF3F532C2B7E7A5A00543CB0 /* Build configuration list for PBXProject "MovieApp" */;
			compatibilityVersion = "Xcode 14.0";
			developmentRegion = en;
			hasScannedForEncodings = 0;
			knownRegions = (
				en,
				Base,
			);
			mainGroup = AF3F53282B7E7A5A00543CB0;
			productRefGroup = AF3F53322B7E7A5A00543CB0 /* Products */;
			projectDirPath = "";
			projectRoot = "";
			targets = (
				AF3F53302B7E7A5A00543CB0 /* MovieApp */,
				AF3F53462B7E7A5D00543CB0 /* MovieAppTests */,
				AF3F53502B7E7A5D00543CB0 /* MovieAppUITests */,
			);
		};
/* End PBXProject section */

/* Begin PBXResourcesBuildPhase section */
		AF3F532F2B7E7A5A00543CB0 /* Resources */ = {
			isa = PBXResourcesBuildPhase;
			buildActionMask = 2147483647;
			files = (
				AF3F53422B7E7A5D00543CB0 /* Preview Assets.xcassets in Resources */,
				AF3F533E2B7E7A5D00543CB0 /* Assets.xcassets in Resources */,
			);
			runOnlyForDeploymentPostprocessing = 0;
		};
		AF3F53452B7E7A5D00543CB0 /* Resources */ = {
			isa = PBXResourcesBuildPhase;
			buildActionMask = 2147483647;
			files = (
			);
			runOnlyForDeploymentPostprocessing = 0;
		};
		AF3F534F2B7E7A5D00543CB0 /* Resources */ = {
			isa = PBXResourcesBuildPhase;
			buildActionMask = 2147483647;
			files = (
			);
			runOnlyForDeploymentPostprocessing = 0;
		};
/* End PBXResourcesBuildPhase section */

/* Begin PBXSourcesBuildPhase section */
		AF3F532D2B7E7A5A00543CB0 /* Sources */ = {
			isa = PBXSourcesBuildPhase;
			buildActionMask = 2147483647;
			files = (
				AF3F53352B7E7A5A00543CB0 /* MovieApp.swift in Sources */,
				AF3F53372B7E7A5A00543CB0 /* Persistence.swift in Sources */,
				AF3F533C2B7E7A5A00543CB0 /* ContentView.swift in Sources */,
				AF3F53672B7E7AAC00543CB0 /* HomeScreen.swift in Sources */,
				AF3F533A2B7E7A5A00543CB0 /* MovieApp.xcdatamodeld in Sources */,
			);
			runOnlyForDeploymentPostprocessing = 0;
		};
		AF3F53432B7E7A5D00543CB0 /* Sources */ = {
			isa = PBXSourcesBuildPhase;
			buildActionMask = 2147483647;
			files = (
				AF3F534C2B7E7A5D00543CB0 /* MovieAppTests.swift in Sources */,
			);
			runOnlyForDeploymentPostprocessing = 0;
		};
		AF3F534D2B7E7A5D00543CB0 /* Sources */ = {
			isa = PBXSourcesBuildPhase;
			buildActionMask = 2147483647;
			files = (
				AF3F53582B7E7A5D00543CB0 /* MovieAppUITestsLaunchTests.swift in Sources */,
				AF3F53562B7E7A5D00543CB0 /* MovieAppUITests.swift in Sources */,
			);
			runOnlyForDeploymentPostprocessing = 0;
		};
/* End PBXSourcesBuildPhase section */

/* Begin PBXTargetDependency section */
		AF3F53492B7E7A5D00543CB0 /* PBXTargetDependency */ = {
			isa = PBXTargetDependency;
			target = AF3F53302B7E7A5A00543CB0 /* MovieApp */;
			targetProxy = AF3F53482B7E7A5D00543CB0 /* PBXContainerItemProxy */;
		};
		AF3F53532B7E7A5D00543CB0 /* PBXTargetDependency */ = {
			isa = PBXTargetDependency;
			target = AF3F53302B7E7A5A00543CB0 /* MovieApp */;
			targetProxy = AF3F53522B7E7A5D00543CB0 /* PBXContainerItemProxy */;
		};
/* End PBXTargetDependency section */

/* Begin XCBuildConfiguration section */
		AF3F53592B7E7A5D00543CB0 /* Debug */ = {
			isa = XCBuildConfiguration;
			buildSettings = {
				ALWAYS_SEARCH_USER_PATHS = NO;
				CLANG_ANALYZER_NONNULL = YES;
				CLANG_ANALYZER_NUMBER_OBJECT_CONVERSION = YES_AGGRESSIVE;
				CLANG_CXX_LANGUAGE_STANDARD = "gnu++20";
				CLANG_ENABLE_MODULES = YES;
				CLANG_ENABLE_OBJC_ARC = YES;
				CLANG_ENABLE_OBJC_WEAK = YES;
				CLANG_WARN_BLOCK_CAPTURE_AUTORELEASING = YES;
				CLANG_WARN_BOOL_CONVERSION = YES;
				CLANG_WARN_COMMA = YES;
				CLANG_WARN_CONSTANT_CONVERSION = YES;
				CLANG_WARN_DEPRECATED_OBJC_IMPLEMENTATIONS = YES;
				CLANG_WARN_DIRECT_OBJC_ISA_USAGE = YES_ERROR;
				CLANG_WARN_DOCUMENTATION_COMMENTS = YES;
				CLANG_WARN_EMPTY_BODY = YES;
				CLANG_WARN_ENUM_CONVERSION = YES;
				CLANG_WARN_INFINITE_RECURSION = YES;
				CLANG_WARN_INT_CONVERSION = YES;
				CLANG_WARN_NON_LITERAL_NULL_CONVERSION = YES;
				CLANG_WARN_OBJC_IMPLICIT_RETAIN_SELF = YES;
				CLANG_WARN_OBJC_LITERAL_CONVERSION = YES;
				CLANG_WARN_OBJC_ROOT_CLASS = YES_ERROR;
				CLANG_WARN_QUOTED_INCLUDE_IN_FRAMEWORK_HEADER = YES;
				CLANG_WARN_RANGE_LOOP_ANALYSIS = YES;
				CLANG_WARN_STRICT_PROTOTYPES = YES;
				CLANG_WARN_SUSPICIOUS_MOVE = YES;
				CLANG_WARN_UNGUARDED_AVAILABILITY = YES_AGGRESSIVE;
				CLANG_WARN_UNREACHABLE_CODE = YES;
				CLANG_WARN__DUPLICATE_METHOD_MATCH = YES;
				COPY_PHASE_STRIP = NO;
				DEBUG_INFORMATION_FORMAT = dwarf;
				ENABLE_STRICT_OBJC_MSGSEND = YES;
				ENABLE_TESTABILITY = YES;
				GCC_C_LANGUAGE_STANDARD = gnu11;
				GCC_DYNAMIC_NO_PIC = NO;
				GCC_NO_COMMON_BLOCKS = YES;
				GCC_OPTIMIZATION_LEVEL = 0;
				GCC_PREPROCESSOR_DEFINITIONS = (
					"DEBUG=1",
					"$(inherited)",
				);
				GCC_WARN_64_TO_32_BIT_CONVERSION = YES;
				GCC_WARN_ABOUT_RETURN_TYPE = YES_ERROR;
				GCC_WARN_UNDECLARED_SELECTOR = YES;
				GCC_WARN_UNINITIALIZED_AUTOS = YES_AGGRESSIVE;
				GCC_WARN_UNUSED_FUNCTION = YES;
				GCC_WARN_UNUSED_VARIABLE = YES;
				MTL_ENABLE_DEBUG_INFO = INCLUDE_SOURCE;
				MTL_FAST_MATH = YES;
				ONLY_ACTIVE_ARCH = YES;
				SWIFT_ACTIVE_COMPILATION_CONDITIONS = DEBUG;
				SWIFT_OPTIMIZATION_LEVEL = "-Onone";
			};
			name = Debug;
		};
		AF3F535A2B7E7A5D00543CB0 /* Release */ = {
			isa = XCBuildConfiguration;
			buildSettings = {
				ALWAYS_SEARCH_USER_PATHS = NO;
				CLANG_ANALYZER_NONNULL = YES;
				CLANG_ANALYZER_NUMBER_OBJECT_CONVERSION = YES_AGGRESSIVE;
				CLANG_CXX_LANGUAGE_STANDARD = "gnu++20";
				CLANG_ENABLE_MODULES = YES;
				CLANG_ENABLE_OBJC_ARC = YES;
				CLANG_ENABLE_OBJC_WEAK = YES;
				CLANG_WARN_BLOCK_CAPTURE_AUTORELEASING = YES;
				CLANG_WARN_BOOL_CONVERSION = YES;
				CLANG_WARN_COMMA = YES;
				CLANG_WARN_CONSTANT_CONVERSION = YES;
				CLANG_WARN_DEPRECATED_OBJC_IMPLEMENTATIONS = YES;
				CLANG_WARN_DIRECT_OBJC_ISA_USAGE = YES_ERROR;
				CLANG_WARN_DOCUMENTATION_COMMENTS = YES;
				CLANG_WARN_EMPTY_BODY = YES;
				CLANG_WARN_ENUM_CONVERSION = YES;
				CLANG_WARN_INFINITE_RECURSION = YES;
				CLANG_WARN_INT_CONVERSION = YES;
				CLANG_WARN_NON_LITERAL_NULL_CONVERSION = YES;
				CLANG_WARN_OBJC_IMPLICIT_RETAIN_SELF = YES;
				CLANG_WARN_OBJC_LITERAL_CONVERSION = YES;
				CLANG_WARN_OBJC_ROOT_CLASS = YES_ERROR;
				CLANG_WARN_QUOTED_INCLUDE_IN_FRAMEWORK_HEADER = YES;
				CLANG_WARN_RANGE_LOOP_ANALYSIS = YES;
				CLANG_WARN_STRICT_PROTOTYPES = YES;
				CLANG_WARN_SUSPICIOUS_MOVE = YES;
				CLANG_WARN_UNGUARDED_AVAILABILITY = YES_AGGRESSIVE;
				CLANG_WARN_UNREACHABLE_CODE = YES;
				CLANG_WARN__DUPLICATE_METHOD_MATCH = YES;
				COPY_PHASE_STRIP = NO;
				DEBUG_INFORMATION_FORMAT = "dwarf-with-dsym";
				ENABLE_NS_ASSERTIONS = NO;
				ENABLE_STRICT_OBJC_MSGSEND = YES;
				GCC_C_LANGUAGE_STANDARD = gnu11;
				GCC_NO_COMMON_BLOCKS = YES;
				GCC_WARN_64_TO_32_BIT_CONVERSION = YES;
				GCC_WARN_ABOUT_RETURN_TYPE = YES_ERROR;
				GCC_WARN_UNDECLARED_SELECTOR = YES;
				GCC_WARN_UNINITIALIZED_AUTOS = YES_AGGRESSIVE;
				GCC_WARN_UNUSED_FUNCTION = YES;
				GCC_WARN_UNUSED_VARIABLE = YES;
				MTL_ENABLE_DEBUG_INFO = NO;
				MTL_FAST_MATH = YES;
				SWIFT_COMPILATION_MODE = wholemodule;
				SWIFT_OPTIMIZATION_LEVEL = "-O";
			};
			name = Release;
		};
		AF3F535C2B7E7A5D00543CB0 /* Debug */ = {
			isa = XCBuildConfiguration;
			buildSettings = {
				ASSETCATALOG_COMPILER_APPICON_NAME = AppIcon;
				ASSETCATALOG_COMPILER_GLOBAL_ACCENT_COLOR_NAME = AccentColor;
				CODE_SIGN_ENTITLEMENTS = MovieApp/MovieApp.entitlements;
				CODE_SIGN_STYLE = Automatic;
				CURRENT_PROJECT_VERSION = 1;
				DEVELOPMENT_ASSET_PATHS = "\"MovieApp/Preview Content\"";
				DEVELOPMENT_TEAM = 64ZP39YXYS;
				ENABLE_HARDENED_RUNTIME = YES;
				ENABLE_PREVIEWS = YES;
				GENERATE_INFOPLIST_FILE = YES;
				"INFOPLIST_KEY_UIApplicationSceneManifest_Generation[sdk=iphoneos*]" = YES;
				"INFOPLIST_KEY_UIApplicationSceneManifest_Generation[sdk=iphonesimulator*]" = YES;
				"INFOPLIST_KEY_UIApplicationSupportsIndirectInputEvents[sdk=iphoneos*]" = YES;
				"INFOPLIST_KEY_UIApplicationSupportsIndirectInputEvents[sdk=iphonesimulator*]" = YES;
				"INFOPLIST_KEY_UILaunchScreen_Generation[sdk=iphoneos*]" = YES;
				"INFOPLIST_KEY_UILaunchScreen_Generation[sdk=iphonesimulator*]" = YES;
				"INFOPLIST_KEY_UIStatusBarStyle[sdk=iphoneos*]" = UIStatusBarStyleDefault;
				"INFOPLIST_KEY_UIStatusBarStyle[sdk=iphonesimulator*]" = UIStatusBarStyleDefault;
				INFOPLIST_KEY_UISupportedInterfaceOrientations_iPad = "UIInterfaceOrientationPortrait UIInterfaceOrientationPortraitUpsideDown UIInterfaceOrientationLandscapeLeft UIInterfaceOrientationLandscapeRight";
				INFOPLIST_KEY_UISupportedInterfaceOrientations_iPhone = "UIInterfaceOrientationPortrait UIInterfaceOrientationLandscapeLeft UIInterfaceOrientationLandscapeRight";
				IPHONEOS_DEPLOYMENT_TARGET = 16.4;
				LD_RUNPATH_SEARCH_PATHS = "@executable_path/Frameworks";
				"LD_RUNPATH_SEARCH_PATHS[sdk=macosx*]" = "@executable_path/../Frameworks";
				MACOSX_DEPLOYMENT_TARGET = 13.3;
				MARKETING_VERSION = 1.0;
				PRODUCT_BUNDLE_IDENTIFIER = "com.thiago.movie-pp.MovieApp";
				PRODUCT_NAME = "$(TARGET_NAME)";
				SDKROOT = auto;
				SUPPORTED_PLATFORMS = "iphoneos iphonesimulator macosx";
				SWIFT_EMIT_LOC_STRINGS = YES;
				SWIFT_VERSION = 5.0;
				TARGETED_DEVICE_FAMILY = "1,2";
			};
			name = Debug;
		};
		AF3F535D2B7E7A5D00543CB0 /* Release */ = {
			isa = XCBuildConfiguration;
			buildSettings = {
				ASSETCATALOG_COMPILER_APPICON_NAME = AppIcon;
				ASSETCATALOG_COMPILER_GLOBAL_ACCENT_COLOR_NAME = AccentColor;
				CODE_SIGN_ENTITLEMENTS = MovieApp/MovieApp.entitlements;
				CODE_SIGN_STYLE = Automatic;
				CURRENT_PROJECT_VERSION = 1;
				DEVELOPMENT_ASSET_PATHS = "\"MovieApp/Preview Content\"";
				DEVELOPMENT_TEAM = 64ZP39YXYS;
				ENABLE_HARDENED_RUNTIME = YES;
				ENABLE_PREVIEWS = YES;
				GENERATE_INFOPLIST_FILE = YES;
				"INFOPLIST_KEY_UIApplicationSceneManifest_Generation[sdk=iphoneos*]" = YES;
				"INFOPLIST_KEY_UIApplicationSceneManifest_Generation[sdk=iphonesimulator*]" = YES;
				"INFOPLIST_KEY_UIApplicationSupportsIndirectInputEvents[sdk=iphoneos*]" = YES;
				"INFOPLIST_KEY_UIApplicationSupportsIndirectInputEvents[sdk=iphonesimulator*]" = YES;
				"INFOPLIST_KEY_UILaunchScreen_Generation[sdk=iphoneos*]" = YES;
				"INFOPLIST_KEY_UILaunchScreen_Generation[sdk=iphonesimulator*]" = YES;
				"INFOPLIST_KEY_UIStatusBarStyle[sdk=iphoneos*]" = UIStatusBarStyleDefault;
				"INFOPLIST_KEY_UIStatusBarStyle[sdk=iphonesimulator*]" = UIStatusBarStyleDefault;
				INFOPLIST_KEY_UISupportedInterfaceOrientations_iPad = "UIInterfaceOrientationPortrait UIInterfaceOrientationPortraitUpsideDown UIInterfaceOrientationLandscapeLeft UIInterfaceOrientationLandscapeRight";
				INFOPLIST_KEY_UISupportedInterfaceOrientations_iPhone = "UIInterfaceOrientationPortrait UIInterfaceOrientationLandscapeLeft UIInterfaceOrientationLandscapeRight";
				IPHONEOS_DEPLOYMENT_TARGET = 16.4;
				LD_RUNPATH_SEARCH_PATHS = "@executable_path/Frameworks";
				"LD_RUNPATH_SEARCH_PATHS[sdk=macosx*]" = "@executable_path/../Frameworks";
				MACOSX_DEPLOYMENT_TARGET = 13.3;
				MARKETING_VERSION = 1.0;
				PRODUCT_BUNDLE_IDENTIFIER = "com.thiago.movie-pp.MovieApp";
				PRODUCT_NAME = "$(TARGET_NAME)";
				SDKROOT = auto;
				SUPPORTED_PLATFORMS = "iphoneos iphonesimulator macosx";
				SWIFT_EMIT_LOC_STRINGS = YES;
				SWIFT_VERSION = 5.0;
				TARGETED_DEVICE_FAMILY = "1,2";
			};
			name = Release;
		};
		AF3F535F2B7E7A5D00543CB0 /* Debug */ = {
			isa = XCBuildConfiguration;
			buildSettings = {
				ALWAYS_EMBED_SWIFT_STANDARD_LIBRARIES = YES;
				BUNDLE_LOADER = "$(TEST_HOST)";
				CODE_SIGN_STYLE = Automatic;
				CURRENT_PROJECT_VERSION = 1;
				DEVELOPMENT_TEAM = 64ZP39YXYS;
				GENERATE_INFOPLIST_FILE = YES;
				IPHONEOS_DEPLOYMENT_TARGET = 16.4;
				MACOSX_DEPLOYMENT_TARGET = 13.3;
				MARKETING_VERSION = 1.0;
				PRODUCT_BUNDLE_IDENTIFIER = "com.thiago.movie-pp.MovieAppTests";
				PRODUCT_NAME = "$(TARGET_NAME)";
				SDKROOT = auto;
				SUPPORTED_PLATFORMS = "iphoneos iphonesimulator macosx";
				SWIFT_EMIT_LOC_STRINGS = NO;
				SWIFT_VERSION = 5.0;
				TARGETED_DEVICE_FAMILY = "1,2";
				TEST_HOST = "$(BUILT_PRODUCTS_DIR)/MovieApp.app/$(BUNDLE_EXECUTABLE_FOLDER_PATH)/MovieApp";
			};
			name = Debug;
		};
		AF3F53602B7E7A5D00543CB0 /* Release */ = {
			isa = XCBuildConfiguration;
			buildSettings = {
				ALWAYS_EMBED_SWIFT_STANDARD_LIBRARIES = YES;
				BUNDLE_LOADER = "$(TEST_HOST)";
				CODE_SIGN_STYLE = Automatic;
				CURRENT_PROJECT_VERSION = 1;
				DEVELOPMENT_TEAM = 64ZP39YXYS;
				GENERATE_INFOPLIST_FILE = YES;
				IPHONEOS_DEPLOYMENT_TARGET = 16.4;
				MACOSX_DEPLOYMENT_TARGET = 13.3;
				MARKETING_VERSION = 1.0;
				PRODUCT_BUNDLE_IDENTIFIER = "com.thiago.movie-pp.MovieAppTests";
				PRODUCT_NAME = "$(TARGET_NAME)";
				SDKROOT = auto;
				SUPPORTED_PLATFORMS = "iphoneos iphonesimulator macosx";
				SWIFT_EMIT_LOC_STRINGS = NO;
				SWIFT_VERSION = 5.0;
				TARGETED_DEVICE_FAMILY = "1,2";
				TEST_HOST = "$(BUILT_PRODUCTS_DIR)/MovieApp.app/$(BUNDLE_EXECUTABLE_FOLDER_PATH)/MovieApp";
			};
			name = Release;
		};
		AF3F53622B7E7A5D00543CB0 /* Debug */ = {
			isa = XCBuildConfiguration;
			buildSettings = {
				ALWAYS_EMBED_SWIFT_STANDARD_LIBRARIES = YES;
				CODE_SIGN_STYLE = Automatic;
				CURRENT_PROJECT_VERSION = 1;
				DEVELOPMENT_TEAM = 64ZP39YXYS;
				GENERATE_INFOPLIST_FILE = YES;
				IPHONEOS_DEPLOYMENT_TARGET = 16.4;
				MACOSX_DEPLOYMENT_TARGET = 13.3;
				MARKETING_VERSION = 1.0;
				PRODUCT_BUNDLE_IDENTIFIER = "com.thiago.movie-pp.MovieAppUITests";
				PRODUCT_NAME = "$(TARGET_NAME)";
				SDKROOT = auto;
				SUPPORTED_PLATFORMS = "iphoneos iphonesimulator macosx";
				SWIFT_EMIT_LOC_STRINGS = NO;
				SWIFT_VERSION = 5.0;
				TARGETED_DEVICE_FAMILY = "1,2";
				TEST_TARGET_NAME = MovieApp;
			};
			name = Debug;
		};
		AF3F53632B7E7A5D00543CB0 /* Release */ = {
			isa = XCBuildConfiguration;
			buildSettings = {
				ALWAYS_EMBED_SWIFT_STANDARD_LIBRARIES = YES;
				CODE_SIGN_STYLE = Automatic;
				CURRENT_PROJECT_VERSION = 1;
				DEVELOPMENT_TEAM = 64ZP39YXYS;
				GENERATE_INFOPLIST_FILE = YES;
				IPHONEOS_DEPLOYMENT_TARGET = 16.4;
				MACOSX_DEPLOYMENT_TARGET = 13.3;
				MARKETING_VERSION = 1.0;
				PRODUCT_BUNDLE_IDENTIFIER = "com.thiago.movie-pp.MovieAppUITests";
				PRODUCT_NAME = "$(TARGET_NAME)";
				SDKROOT = auto;
				SUPPORTED_PLATFORMS = "iphoneos iphonesimulator macosx";
				SWIFT_EMIT_LOC_STRINGS = NO;
				SWIFT_VERSION = 5.0;
				TARGETED_DEVICE_FAMILY = "1,2";
				TEST_TARGET_NAME = MovieApp;
			};
			name = Release;
		};
/* End XCBuildConfiguration section */

/* Begin XCConfigurationList section */
		AF3F532C2B7E7A5A00543CB0 /* Build configuration list for PBXProject "MovieApp" */ = {
			isa = XCConfigurationList;
			buildConfigurations = (
				AF3F53592B7E7A5D00543CB0 /* Debug */,
				AF3F535A2B7E7A5D00543CB0 /* Release */,
			);
			defaultConfigurationIsVisible = 0;
			defaultConfigurationName = Release;
		};
		AF3F535B2B7E7A5D00543CB0 /* Build configuration list for PBXNativeTarget "MovieApp" */ = {
			isa = XCConfigurationList;
			buildConfigurations = (
				AF3F535C2B7E7A5D00543CB0 /* Debug */,
				AF3F535D2B7E7A5D00543CB0 /* Release */,
			);
			defaultConfigurationIsVisible = 0;
			defaultConfigurationName = Release;
		};
		AF3F535E2B7E7A5D00543CB0 /* Build configuration list for PBXNativeTarget "MovieAppTests" */ = {
			isa = XCConfigurationList;
			buildConfigurations = (
				AF3F535F2B7E7A5D00543CB0 /* Debug */,
				AF3F53602B7E7A5D00543CB0 /* Release */,
			);
			defaultConfigurationIsVisible = 0;
			defaultConfigurationName = Release;
		};
		AF3F53612B7E7A5D00543CB0 /* Build configuration list for PBXNativeTarget "MovieAppUITests" */ = {
			isa = XCConfigurationList;
			buildConfigurations = (
				AF3F53622B7E7A5D00543CB0 /* Debug */,
				AF3F53632B7E7A5D00543CB0 /* Release */,
			);
			defaultConfigurationIsVisible = 0;
			defaultConfigurationName = Release;
		};
/* End XCConfigurationList section */

/* Begin XCVersionGroup section */
		AF3F53382B7E7A5A00543CB0 /* MovieApp.xcdatamodeld */ = {
			isa = XCVersionGroup;
			children = (
				AF3F53392B7E7A5A00543CB0 /* MovieApp.xcdatamodel */,
			);
			currentVersion = AF3F53392B7E7A5A00543CB0 /* MovieApp.xcdatamodel */;
			path = MovieApp.xcdatamodeld;
			sourceTree = "<group>";
			versionGroupType = wrapper.xcdatamodel;
		};
/* End XCVersionGroup section */
	};
	rootObject = AF3F53292B7E7A5A00543CB0 /* Project object */;
}
